
Microsoft Visual Studio Solution File, Format Version 12.00
# Visual Studio Version 17
VisualStudioVersion = 17.9.34622.214
MinimumVisualStudioVersion = 10.0.40219.1
Project("{FAE04EC0-301F-11D3-BF4B-00C04F79EFBC}") = "AspNetCoreAPI-Jwt-Bearer", "AspNetCoreAPI-Jwt-Bearer\AspNetCoreAPI-Jwt-Bearer.csproj", "{497C3726-6ED5-4BD6-AC01-B1E5CE993FEF}"
EndProject
Global
	GlobalSection(SolutionConfigurationPlatforms) = preSolution
		Debug|Any CPU = Debug|Any CPU
		Release|Any CPU = Release|Any CPU
	EndGlobalSection
	GlobalSection(ProjectConfigurationPlatforms) = postSolution
		{497C3726-6ED5-4BD6-AC01-B1E5CE993FEF}.Debug|Any CPU.ActiveCfg = Debug|Any CPU
		{497C3726-6ED5-4BD6-AC01-B1E5CE993FEF}.Debug|Any CPU.Build.0 = Debug|Any CPU
		{497C3726-6ED5-4BD6-AC01-B1E5CE993FEF}.Release|Any CPU.ActiveCfg = Release|Any CPU
		{497C3726-6ED5-4BD6-AC01-B1E5CE993FEF}.Release|Any CPU.Build.0 = Release|Any CPU
	EndGlobalSection
	GlobalSection(SolutionProperties) = preSolution
		HideSolutionNode = FALSE
	EndGlobalSection
	GlobalSection(ExtensibilityGlobals) = postSolution
		SolutionGuid = {1C5D5A27-0CF5-4F4C-92DB-9D6941D8519C}
	EndGlobalSection
EndGlobal
